// !$*UTF8*$!
{
	archiveVersion = 1;
	classes = {
	};
	objectVersion = 56;
	objects = {

/* Begin PBXBuildFile section */
		722177922ADA65EE00CCBA56 /* OSLogStoreApp.swift in Sources */ = {isa = PBXBuildFile; fileRef = 722177912ADA65EE00CCBA56 /* OSLogStoreApp.swift */; };
		722177942ADA65EE00CCBA56 /* ContentView.swift in Sources */ = {isa = PBXBuildFile; fileRef = 722177932ADA65EE00CCBA56 /* ContentView.swift */; };
		722177962ADA65F100CCBA56 /* Assets.xcassets in Resources */ = {isa = PBXBuildFile; fileRef = 722177952ADA65F100CCBA56 /* Assets.xcassets */; };
		722177992ADA65F100CCBA56 /* Preview Assets.xcassets in Resources */ = {isa = PBXBuildFile; fileRef = 722177982ADA65F100CCBA56 /* Preview Assets.xcassets */; };
		722177A32ADA65F100CCBA56 /* OSLogStoreTests.swift in Sources */ = {isa = PBXBuildFile; fileRef = 722177A22ADA65F100CCBA56 /* OSLogStoreTests.swift */; };
		722177AD2ADA65F100CCBA56 /* OSLogStoreUITests.swift in Sources */ = {isa = PBXBuildFile; fileRef = 722177AC2ADA65F100CCBA56 /* OSLogStoreUITests.swift */; };
		722177AF2ADA65F100CCBA56 /* OSLogStoreUITestsLaunchTests.swift in Sources */ = {isa = PBXBuildFile; fileRef = 722177AE2ADA65F100CCBA56 /* OSLogStoreUITestsLaunchTests.swift */; };
/* End PBXBuildFile section */

/* Begin PBXContainerItemProxy section */
		7221779F2ADA65F100CCBA56 /* PBXContainerItemProxy */ = {
			isa = PBXContainerItemProxy;
			containerPortal = 722177862ADA65EE00CCBA56 /* Project object */;
			proxyType = 1;
			remoteGlobalIDString = 7221778D2ADA65EE00CCBA56;
			remoteInfo = OSLogStore;
		};
		722177A92ADA65F100CCBA56 /* PBXContainerItemProxy */ = {
			isa = PBXContainerItemProxy;
			containerPortal = 722177862ADA65EE00CCBA56 /* Project object */;
			proxyType = 1;
			remoteGlobalIDString = 7221778D2ADA65EE00CCBA56;
			remoteInfo = OSLogStore;
		};
/* End PBXContainerItemProxy section */

/* Begin PBXFileReference section */
		7221778E2ADA65EE00CCBA56 /* OSLogStore.app */ = {isa = PBXFileReference; explicitFileType = wrapper.application; includeInIndex = 0; path = OSLogStore.app; sourceTree = BUILT_PRODUCTS_DIR; };
		722177912ADA65EE00CCBA56 /* OSLogStoreApp.swift */ = {isa = PBXFileReference; lastKnownFileType = sourcecode.swift; path = OSLogStoreApp.swift; sourceTree = "<group>"; };
		722177932ADA65EE00CCBA56 /* ContentView.swift */ = {isa = PBXFileReference; lastKnownFileType = sourcecode.swift; path = ContentView.swift; sourceTree = "<group>"; };
		722177952ADA65F100CCBA56 /* Assets.xcassets */ = {isa = PBXFileReference; lastKnownFileType = folder.assetcatalog; path = Assets.xcassets; sourceTree = "<group>"; };
		722177982ADA65F100CCBA56 /* Preview Assets.xcassets */ = {isa = PBXFileReference; lastKnownFileType = folder.assetcatalog; path = "Preview Assets.xcassets"; sourceTree = "<group>"; };
		7221779E2ADA65F100CCBA56 /* OSLogStoreTests.xctest */ = {isa = PBXFileReference; explicitFileType = wrapper.cfbundle; includeInIndex = 0; path = OSLogStoreTests.xctest; sourceTree = BUILT_PRODUCTS_DIR; };
		722177A22ADA65F100CCBA56 /* OSLogStoreTests.swift */ = {isa = PBXFileReference; lastKnownFileType = sourcecode.swift; path = OSLogStoreTests.swift; sourceTree = "<group>"; };
		722177A82ADA65F100CCBA56 /* OSLogStoreUITests.xctest */ = {isa = PBXFileReference; explicitFileType = wrapper.cfbundle; includeInIndex = 0; path = OSLogStoreUITests.xctest; sourceTree = BUILT_PRODUCTS_DIR; };
		722177AC2ADA65F100CCBA56 /* OSLogStoreUITests.swift */ = {isa = PBXFileReference; lastKnownFileType = sourcecode.swift; path = OSLogStoreUITests.swift; sourceTree = "<group>"; };
		722177AE2ADA65F100CCBA56 /* OSLogStoreUITestsLaunchTests.swift */ = {isa = PBXFileReference; lastKnownFileType = sourcecode.swift; path = OSLogStoreUITestsLaunchTests.swift; sourceTree = "<group>"; };
/* End PBXFileReference section */

/* Begin PBXFrameworksBuildPhase section */
		7221778B2ADA65EE00CCBA56 /* Frameworks */ = {
			isa = PBXFrameworksBuildPhase;
			buildActionMask = 2147483647;
			files = (
			);
			runOnlyForDeploymentPostprocessing = 0;
		};
		7221779B2ADA65F100CCBA56 /* Frameworks */ = {
			isa = PBXFrameworksBuildPhase;
			buildActionMask = 2147483647;
			files = (
			);
			runOnlyForDeploymentPostprocessing = 0;
		};
		722177A52ADA65F100CCBA56 /* Frameworks */ = {
			isa = PBXFrameworksBuildPhase;
			buildActionMask = 2147483647;
			files = (
			);
			runOnlyForDeploymentPostprocessing = 0;
		};
/* End PBXFrameworksBuildPhase section */

/* Begin PBXGroup section */
		722177852ADA65EE00CCBA56 = {
			isa = PBXGroup;
			children = (
				722177902ADA65EE00CCBA56 /* OSLogStore */,
				722177A12ADA65F100CCBA56 /* OSLogStoreTests */,
				722177AB2ADA65F100CCBA56 /* OSLogStoreUITests */,
				7221778F2ADA65EE00CCBA56 /* Products */,
			);
			sourceTree = "<group>";
		};
		7221778F2ADA65EE00CCBA56 /* Products */ = {
			isa = PBXGroup;
			children = (
				7221778E2ADA65EE00CCBA56 /* OSLogStore.app */,
				7221779E2ADA65F100CCBA56 /* OSLogStoreTests.xctest */,
				722177A82ADA65F100CCBA56 /* OSLogStoreUITests.xctest */,
			);
			name = Products;
			sourceTree = "<group>";
		};
		722177902ADA65EE00CCBA56 /* OSLogStore */ = {
			isa = PBXGroup;
			children = (
				722177912ADA65EE00CCBA56 /* OSLogStoreApp.swift */,
				722177932ADA65EE00CCBA56 /* ContentView.swift */,
				722177952ADA65F100CCBA56 /* Assets.xcassets */,
				722177972ADA65F100CCBA56 /* Preview Content */,
			);
			path = OSLogStore;
			sourceTree = "<group>";
		};
		722177972ADA65F100CCBA56 /* Preview Content */ = {
			isa = PBXGroup;
			children = (
				722177982ADA65F100CCBA56 /* Preview Assets.xcassets */,
			);
			path = "Preview Content";
			sourceTree = "<group>";
		};
		722177A12ADA65F100CCBA56 /* OSLogStoreTests */ = {
			isa = PBXGroup;
			children = (
				722177A22ADA65F100CCBA56 /* OSLogStoreTests.swift */,
			);
			path = OSLogStoreTests;
			sourceTree = "<group>";
		};
		722177AB2ADA65F100CCBA56 /* OSLogStoreUITests */ = {
			isa = PBXGroup;
			children = (
				722177AC2ADA65F100CCBA56 /* OSLogStoreUITests.swift */,
				722177AE2ADA65F100CCBA56 /* OSLogStoreUITestsLaunchTests.swift */,
			);
			path = OSLogStoreUITests;
			sourceTree = "<group>";
		};
/* End PBXGroup section */

/* Begin PBXNativeTarget section */
		7221778D2ADA65EE00CCBA56 /* OSLogStore */ = {
			isa = PBXNativeTarget;
			buildConfigurationList = 722177B22ADA65F100CCBA56 /* Build configuration list for PBXNativeTarget "OSLogStore" */;
			buildPhases = (
				7221778A2ADA65EE00CCBA56 /* Sources */,
				7221778B2ADA65EE00CCBA56 /* Frameworks */,
				7221778C2ADA65EE00CCBA56 /* Resources */,
			);
			buildRules = (
			);
			dependencies = (
			);
			name = OSLogStore;
			productName = OSLogStore;
			productReference = 7221778E2ADA65EE00CCBA56 /* OSLogStore.app */;
			productType = "com.apple.product-type.application";
		};
		7221779D2ADA65F100CCBA56 /* OSLogStoreTests */ = {
			isa = PBXNativeTarget;
			buildConfigurationList = 722177B52ADA65F100CCBA56 /* Build configuration list for PBXNativeTarget "OSLogStoreTests" */;
			buildPhases = (
				7221779A2ADA65F100CCBA56 /* Sources */,
				7221779B2ADA65F100CCBA56 /* Frameworks */,
				7221779C2ADA65F100CCBA56 /* Resources */,
			);
			buildRules = (
			);
			dependencies = (
				722177A02ADA65F100CCBA56 /* PBXTargetDependency */,
			);
			name = OSLogStoreTests;
			productName = OSLogStoreTests;
			productReference = 7221779E2ADA65F100CCBA56 /* OSLogStoreTests.xctest */;
			productType = "com.apple.product-type.bundle.unit-test";
		};
		722177A72ADA65F100CCBA56 /* OSLogStoreUITests */ = {
			isa = PBXNativeTarget;
			buildConfigurationList = 722177B82ADA65F100CCBA56 /* Build configuration list for PBXNativeTarget "OSLogStoreUITests" */;
			buildPhases = (
				722177A42ADA65F100CCBA56 /* Sources */,
				722177A52ADA65F100CCBA56 /* Frameworks */,
				722177A62ADA65F100CCBA56 /* Resources */,
			);
			buildRules = (
			);
			dependencies = (
				722177AA2ADA65F100CCBA56 /* PBXTargetDependency */,
			);
			name = OSLogStoreUITests;
			productName = OSLogStoreUITests;
			productReference = 722177A82ADA65F100CCBA56 /* OSLogStoreUITests.xctest */;
			productType = "com.apple.product-type.bundle.ui-testing";
		};
/* End PBXNativeTarget section */

/* Begin PBXProject section */
		722177862ADA65EE00CCBA56 /* Project object */ = {
			isa = PBXProject;
			attributes = {
				BuildIndependentTargetsInParallel = 1;
				LastSwiftUpdateCheck = 1430;
				LastUpgradeCheck = 1430;
				TargetAttributes = {
					7221778D2ADA65EE00CCBA56 = {
						CreatedOnToolsVersion = 14.3.1;
					};
					7221779D2ADA65F100CCBA56 = {
						CreatedOnToolsVersion = 14.3.1;
						TestTargetID = 7221778D2ADA65EE00CCBA56;
					};
					722177A72ADA65F100CCBA56 = {
						CreatedOnToolsVersion = 14.3.1;
						TestTargetID = 7221778D2ADA65EE00CCBA56;
					};
				};
			};
			buildConfigurationList = 722177892ADA65EE00CCBA56 /* Build configuration list for PBXProject "OSLogStore" */;
			compatibilityVersion = "Xcode 14.0";
			developmentRegion = en;
			hasScannedForEncodings = 0;
			knownRegions = (
				en,
				Base,
			);
			mainGroup = 722177852ADA65EE00CCBA56;
			productRefGroup = 7221778F2ADA65EE00CCBA56 /* Products */;
			projectDirPath = "";
			projectRoot = "";
			targets = (
				7221778D2ADA65EE00CCBA56 /* OSLogStore */,
				7221779D2ADA65F100CCBA56 /* OSLogStoreTests */,
				722177A72ADA65F100CCBA56 /* OSLogStoreUITests */,
			);
		};
/* End PBXProject section */

/* Begin PBXResourcesBuildPhase section */
		7221778C2ADA65EE00CCBA56 /* Resources */ = {
			isa = PBXResourcesBuildPhase;
			buildActionMask = 2147483647;
			files = (
				722177992ADA65F100CCBA56 /* Preview Assets.xcassets in Resources */,
				722177962ADA65F100CCBA56 /* Assets.xcassets in Resources */,
			);
			runOnlyForDeploymentPostprocessing = 0;
		};
		7221779C2ADA65F100CCBA56 /* Resources */ = {
			isa = PBXResourcesBuildPhase;
			buildActionMask = 2147483647;
			files = (
			);
			runOnlyForDeploymentPostprocessing = 0;
		};
		722177A62ADA65F100CCBA56 /* Resources */ = {
			isa = PBXResourcesBuildPhase;
			buildActionMask = 2147483647;
			files = (
			);
			runOnlyForDeploymentPostprocessing = 0;
		};
/* End PBXResourcesBuildPhase section */

/* Begin PBXSourcesBuildPhase section */
		7221778A2ADA65EE00CCBA56 /* Sources */ = {
			isa = PBXSourcesBuildPhase;
			buildActionMask = 2147483647;
			files = (
				722177942ADA65EE00CCBA56 /* ContentView.swift in Sources */,
				722177922ADA65EE00CCBA56 /* OSLogStoreApp.swift in Sources */,
			);
			runOnlyForDeploymentPostprocessing = 0;
		};
		7221779A2ADA65F100CCBA56 /* Sources */ = {
			isa = PBXSourcesBuildPhase;
			buildActionMask = 2147483647;
			files = (
				722177A32ADA65F100CCBA56 /* OSLogStoreTests.swift in Sources */,
			);
			runOnlyForDeploymentPostprocessing = 0;
		};
		722177A42ADA65F100CCBA56 /* Sources */ = {
			isa = PBXSourcesBuildPhase;
			buildActionMask = 2147483647;
			files = (
				722177AD2ADA65F100CCBA56 /* OSLogStoreUITests.swift in Sources */,
				722177AF2ADA65F100CCBA56 /* OSLogStoreUITestsLaunchTests.swift in Sources */,
			);
			runOnlyForDeploymentPostprocessing = 0;
		};
/* End PBXSourcesBuildPhase section */

/* Begin PBXTargetDependency section */
		722177A02ADA65F100CCBA56 /* PBXTargetDependency */ = {
			isa = PBXTargetDependency;
			target = 7221778D2ADA65EE00CCBA56 /* OSLogStore */;
			targetProxy = 7221779F2ADA65F100CCBA56 /* PBXContainerItemProxy */;
		};
		722177AA2ADA65F100CCBA56 /* PBXTargetDependency */ = {
			isa = PBXTargetDependency;
			target = 7221778D2ADA65EE00CCBA56 /* OSLogStore */;
			targetProxy = 722177A92ADA65F100CCBA56 /* PBXContainerItemProxy */;
		};
/* End PBXTargetDependency section */

/* Begin XCBuildConfiguration section */
		722177B02ADA65F100CCBA56 /* Debug */ = {
			isa = XCBuildConfiguration;
			buildSettings = {
				ALWAYS_SEARCH_USER_PATHS = NO;
				CLANG_ANALYZER_NONNULL = YES;
				CLANG_ANALYZER_NUMBER_OBJECT_CONVERSION = YES_AGGRESSIVE;
				CLANG_CXX_LANGUAGE_STANDARD = "gnu++20";
				CLANG_ENABLE_MODULES = YES;
				CLANG_ENABLE_OBJC_ARC = YES;
				CLANG_ENABLE_OBJC_WEAK = YES;
				CLANG_WARN_BLOCK_CAPTURE_AUTORELEASING = YES;
				CLANG_WARN_BOOL_CONVERSION = YES;
				CLANG_WARN_COMMA = YES;
				CLANG_WARN_CONSTANT_CONVERSION = YES;
				CLANG_WARN_DEPRECATED_OBJC_IMPLEMENTATIONS = YES;
				CLANG_WARN_DIRECT_OBJC_ISA_USAGE = YES_ERROR;
				CLANG_WARN_DOCUMENTATION_COMMENTS = YES;
				CLANG_WARN_EMPTY_BODY = YES;
				CLANG_WARN_ENUM_CONVERSION = YES;
				CLANG_WARN_INFINITE_RECURSION = YES;
				CLANG_WARN_INT_CONVERSION = YES;
				CLANG_WARN_NON_LITERAL_NULL_CONVERSION = YES;
				CLANG_WARN_OBJC_IMPLICIT_RETAIN_SELF = YES;
				CLANG_WARN_OBJC_LITERAL_CONVERSION = YES;
				CLANG_WARN_OBJC_ROOT_CLASS = YES_ERROR;
				CLANG_WARN_QUOTED_INCLUDE_IN_FRAMEWORK_HEADER = YES;
				CLANG_WARN_RANGE_LOOP_ANALYSIS = YES;
				CLANG_WARN_STRICT_PROTOTYPES = YES;
				CLANG_WARN_SUSPICIOUS_MOVE = YES;
				CLANG_WARN_UNGUARDED_AVAILABILITY = YES_AGGRESSIVE;
				CLANG_WARN_UNREACHABLE_CODE = YES;
				CLANG_WARN__DUPLICATE_METHOD_MATCH = YES;
				COPY_PHASE_STRIP = NO;
				DEBUG_INFORMATION_FORMAT = dwarf;
				ENABLE_STRICT_OBJC_MSGSEND = YES;
				ENABLE_TESTABILITY = YES;
				GCC_C_LANGUAGE_STANDARD = gnu11;
				GCC_DYNAMIC_NO_PIC = NO;
				GCC_NO_COMMON_BLOCKS = YES;
				GCC_OPTIMIZATION_LEVEL = 0;
				GCC_PREPROCESSOR_DEFINITIONS = (
					"DEBUG=1",
					"$(inherited)",
				);
				GCC_WARN_64_TO_32_BIT_CONVERSION = YES;
				GCC_WARN_ABOUT_RETURN_TYPE = YES_ERROR;
				GCC_WARN_UNDECLARED_SELECTOR = YES;
				GCC_WARN_UNINITIALIZED_AUTOS = YES_AGGRESSIVE;
				GCC_WARN_UNUSED_FUNCTION = YES;
				GCC_WARN_UNUSED_VARIABLE = YES;
				IPHONEOS_DEPLOYMENT_TARGET = 16.4;
				MTL_ENABLE_DEBUG_INFO = INCLUDE_SOURCE;
				MTL_FAST_MATH = YES;
				ONLY_ACTIVE_ARCH = YES;
				SDKROOT = iphoneos;
				SWIFT_ACTIVE_COMPILATION_CONDITIONS = DEBUG;
				SWIFT_OPTIMIZATION_LEVEL = "-Onone";
			};
			name = Debug;
		};
		722177B12ADA65F100CCBA56 /* Release */ = {
			isa = XCBuildConfiguration;
			buildSettings = {
				ALWAYS_SEARCH_USER_PATHS = NO;
				CLANG_ANALYZER_NONNULL = YES;
				CLANG_ANALYZER_NUMBER_OBJECT_CONVERSION = YES_AGGRESSIVE;
				CLANG_CXX_LANGUAGE_STANDARD = "gnu++20";
				CLANG_ENABLE_MODULES = YES;
				CLANG_ENABLE_OBJC_ARC = YES;
				CLANG_ENABLE_OBJC_WEAK = YES;
				CLANG_WARN_BLOCK_CAPTURE_AUTORELEASING = YES;
				CLANG_WARN_BOOL_CONVERSION = YES;
				CLANG_WARN_COMMA = YES;
				CLANG_WARN_CONSTANT_CONVERSION = YES;
				CLANG_WARN_DEPRECATED_OBJC_IMPLEMENTATIONS = YES;
				CLANG_WARN_DIRECT_OBJC_ISA_USAGE = YES_ERROR;
				CLANG_WARN_DOCUMENTATION_COMMENTS = YES;
				CLANG_WARN_EMPTY_BODY = YES;
				CLANG_WARN_ENUM_CONVERSION = YES;
				CLANG_WARN_INFINITE_RECURSION = YES;
				CLANG_WARN_INT_CONVERSION = YES;
				CLANG_WARN_NON_LITERAL_NULL_CONVERSION = YES;
				CLANG_WARN_OBJC_IMPLICIT_RETAIN_SELF = YES;
				CLANG_WARN_OBJC_LITERAL_CONVERSION = YES;
				CLANG_WARN_OBJC_ROOT_CLASS = YES_ERROR;
				CLANG_WARN_QUOTED_INCLUDE_IN_FRAMEWORK_HEADER = YES;
				CLANG_WARN_RANGE_LOOP_ANALYSIS = YES;
				CLANG_WARN_STRICT_PROTOTYPES = YES;
				CLANG_WARN_SUSPICIOUS_MOVE = YES;
				CLANG_WARN_UNGUARDED_AVAILABILITY = YES_AGGRESSIVE;
				CLANG_WARN_UNREACHABLE_CODE = YES;
				CLANG_WARN__DUPLICATE_METHOD_MATCH = YES;
				COPY_PHASE_STRIP = NO;
				DEBUG_INFORMATION_FORMAT = "dwarf-with-dsym";
				ENABLE_NS_ASSERTIONS = NO;
				ENABLE_STRICT_OBJC_MSGSEND = YES;
				GCC_C_LANGUAGE_STANDARD = gnu11;
				GCC_NO_COMMON_BLOCKS = YES;
				GCC_WARN_64_TO_32_BIT_CONVERSION = YES;
				GCC_WARN_ABOUT_RETURN_TYPE = YES_ERROR;
				GCC_WARN_UNDECLARED_SELECTOR = YES;
				GCC_WARN_UNINITIALIZED_AUTOS = YES_AGGRESSIVE;
				GCC_WARN_UNUSED_FUNCTION = YES;
				GCC_WARN_UNUSED_VARIABLE = YES;
				IPHONEOS_DEPLOYMENT_TARGET = 16.4;
				MTL_ENABLE_DEBUG_INFO = NO;
				MTL_FAST_MATH = YES;
				SDKROOT = iphoneos;
				SWIFT_COMPILATION_MODE = wholemodule;
				SWIFT_OPTIMIZATION_LEVEL = "-O";
				VALIDATE_PRODUCT = YES;
			};
			name = Release;
		};
		722177B32ADA65F100CCBA56 /* Debug */ = {
			isa = XCBuildConfiguration;
			buildSettings = {
				ASSETCATALOG_COMPILER_APPICON_NAME = AppIcon;
				ASSETCATALOG_COMPILER_GLOBAL_ACCENT_COLOR_NAME = AccentColor;
				CODE_SIGN_STYLE = Automatic;
				CURRENT_PROJECT_VERSION = 1;
				DEVELOPMENT_ASSET_PATHS = "\"OSLogStore/Preview Content\"";
				DEVELOPMENT_TEAM = HLBGUUDZCN;
				ENABLE_PREVIEWS = YES;
				GENERATE_INFOPLIST_FILE = YES;
				INFOPLIST_KEY_UIApplicationSceneManifest_Generation = YES;
				INFOPLIST_KEY_UIApplicationSupportsIndirectInputEvents = YES;
				INFOPLIST_KEY_UILaunchScreen_Generation = YES;
				INFOPLIST_KEY_UISupportedInterfaceOrientations_iPad = "UIInterfaceOrientationPortrait UIInterfaceOrientationPortraitUpsideDown UIInterfaceOrientationLandscapeLeft UIInterfaceOrientationLandscapeRight";
				INFOPLIST_KEY_UISupportedInterfaceOrientations_iPhone = "UIInterfaceOrientationPortrait UIInterfaceOrientationLandscapeLeft UIInterfaceOrientationLandscapeRight";
				LD_RUNPATH_SEARCH_PATHS = (
					"$(inherited)",
					"@executable_path/Frameworks",
				);
				MARKETING_VERSION = 1.0;
				PRODUCT_BUNDLE_IDENTIFIER = kuehar.OSLogStore;
				PRODUCT_NAME = "$(TARGET_NAME)";
				SWIFT_EMIT_LOC_STRINGS = YES;
				SWIFT_VERSION = 5.0;
				TARGETED_DEVICE_FAMILY = "1,2";
			};
			name = Debug;
		};
		722177B42ADA65F100CCBA56 /* Release */ = {
			isa = XCBuildConfiguration;
			buildSettings = {
				ASSETCATALOG_COMPILER_APPICON_NAME = AppIcon;
				ASSETCATALOG_COMPILER_GLOBAL_ACCENT_COLOR_NAME = AccentColor;
				CODE_SIGN_STYLE = Automatic;
				CURRENT_PROJECT_VERSION = 1;
				DEVELOPMENT_ASSET_PATHS = "\"OSLogStore/Preview Content\"";
				DEVELOPMENT_TEAM = HLBGUUDZCN;
				ENABLE_PREVIEWS = YES;
				GENERATE_INFOPLIST_FILE = YES;
				INFOPLIST_KEY_UIApplicationSceneManifest_Generation = YES;
				INFOPLIST_KEY_UIApplicationSupportsIndirectInputEvents = YES;
				INFOPLIST_KEY_UILaunchScreen_Generation = YES;
				INFOPLIST_KEY_UISupportedInterfaceOrientations_iPad = "UIInterfaceOrientationPortrait UIInterfaceOrientationPortraitUpsideDown UIInterfaceOrientationLandscapeLeft UIInterfaceOrientationLandscapeRight";
				INFOPLIST_KEY_UISupportedInterfaceOrientations_iPhone = "UIInterfaceOrientationPortrait UIInterfaceOrientationLandscapeLeft UIInterfaceOrientationLandscapeRight";
				LD_RUNPATH_SEARCH_PATHS = (
					"$(inherited)",
					"@executable_path/Frameworks",
				);
				MARKETING_VERSION = 1.0;
				PRODUCT_BUNDLE_IDENTIFIER = kuehar.OSLogStore;
				PRODUCT_NAME = "$(TARGET_NAME)";
				SWIFT_EMIT_LOC_STRINGS = YES;
				SWIFT_VERSION = 5.0;
				TARGETED_DEVICE_FAMILY = "1,2";
			};
			name = Release;
		};
		722177B62ADA65F100CCBA56 /* Debug */ = {
			isa = XCBuildConfiguration;
			buildSettings = {
				ALWAYS_EMBED_SWIFT_STANDARD_LIBRARIES = YES;
				BUNDLE_LOADER = "$(TEST_HOST)";
				CODE_SIGN_STYLE = Automatic;
				CURRENT_PROJECT_VERSION = 1;
				DEVELOPMENT_TEAM = HLBGUUDZCN;
				GENERATE_INFOPLIST_FILE = YES;
				IPHONEOS_DEPLOYMENT_TARGET = 16.4;
				MARKETING_VERSION = 1.0;
				PRODUCT_BUNDLE_IDENTIFIER = kuehar.OSLogStoreTests;
				PRODUCT_NAME = "$(TARGET_NAME)";
				SWIFT_EMIT_LOC_STRINGS = NO;
				SWIFT_VERSION = 5.0;
				TARGETED_DEVICE_FAMILY = "1,2";
				TEST_HOST = "$(BUILT_PRODUCTS_DIR)/OSLogStore.app/$(BUNDLE_EXECUTABLE_FOLDER_PATH)/OSLogStore";
			};
			name = Debug;
		};
		722177B72ADA65F100CCBA56 /* Release */ = {
			isa = XCBuildConfiguration;
			buildSettings = {
				ALWAYS_EMBED_SWIFT_STANDARD_LIBRARIES = YES;
				BUNDLE_LOADER = "$(TEST_HOST)";
				CODE_SIGN_STYLE = Automatic;
				CURRENT_PROJECT_VERSION = 1;
				DEVELOPMENT_TEAM = HLBGUUDZCN;
				GENERATE_INFOPLIST_FILE = YES;
				IPHONEOS_DEPLOYMENT_TARGET = 16.4;
				MARKETING_VERSION = 1.0;
				PRODUCT_BUNDLE_IDENTIFIER = kuehar.OSLogStoreTests;
				PRODUCT_NAME = "$(TARGET_NAME)";
				SWIFT_EMIT_LOC_STRINGS = NO;
				SWIFT_VERSION = 5.0;
				TARGETED_DEVICE_FAMILY = "1,2";
				TEST_HOST = "$(BUILT_PRODUCTS_DIR)/OSLogStore.app/$(BUNDLE_EXECUTABLE_FOLDER_PATH)/OSLogStore";
			};
			name = Release;
		};
		722177B92ADA65F100CCBA56 /* Debug */ = {
			isa = XCBuildConfiguration;
			buildSettings = {
				ALWAYS_EMBED_SWIFT_STANDARD_LIBRARIES = YES;
				CODE_SIGN_STYLE = Automatic;
				CURRENT_PROJECT_VERSION = 1;
				DEVELOPMENT_TEAM = HLBGUUDZCN;
				GENERATE_INFOPLIST_FILE = YES;
				MARKETING_VERSION = 1.0;
				PRODUCT_BUNDLE_IDENTIFIER = kuehar.OSLogStoreUITests;
				PRODUCT_NAME = "$(TARGET_NAME)";
				SWIFT_EMIT_LOC_STRINGS = NO;
				SWIFT_VERSION = 5.0;
				TARGETED_DEVICE_FAMILY = "1,2";
				TEST_TARGET_NAME = OSLogStore;
			};
			name = Debug;
		};
		722177BA2ADA65F100CCBA56 /* Release */ = {
			isa = XCBuildConfiguration;
			buildSettings = {
				ALWAYS_EMBED_SWIFT_STANDARD_LIBRARIES = YES;
				CODE_SIGN_STYLE = Automatic;
				CURRENT_PROJECT_VERSION = 1;
				DEVELOPMENT_TEAM = HLBGUUDZCN;
				GENERATE_INFOPLIST_FILE = YES;
				MARKETING_VERSION = 1.0;
				PRODUCT_BUNDLE_IDENTIFIER = kuehar.OSLogStoreUITests;
				PRODUCT_NAME = "$(TARGET_NAME)";
				SWIFT_EMIT_LOC_STRINGS = NO;
				SWIFT_VERSION = 5.0;
				TARGETED_DEVICE_FAMILY = "1,2";
				TEST_TARGET_NAME = OSLogStore;
			};
			name = Release;
		};
/* End XCBuildConfiguration section */

/* Begin XCConfigurationList section */
		722177892ADA65EE00CCBA56 /* Build configuration list for PBXProject "OSLogStore" */ = {
			isa = XCConfigurationList;
			buildConfigurations = (
				722177B02ADA65F100CCBA56 /* Debug */,
				722177B12ADA65F100CCBA56 /* Release */,
			);
			defaultConfigurationIsVisible = 0;
			defaultConfigurationName = Release;
		};
		722177B22ADA65F100CCBA56 /* Build configuration list for PBXNativeTarget "OSLogStore" */ = {
			isa = XCConfigurationList;
			buildConfigurations = (
				722177B32ADA65F100CCBA56 /* Debug */,
				722177B42ADA65F100CCBA56 /* Release */,
			);
			defaultConfigurationIsVisible = 0;
			defaultConfigurationName = Release;
		};
		722177B52ADA65F100CCBA56 /* Build configuration list for PBXNativeTarget "OSLogStoreTests" */ = {
			isa = XCConfigurationList;
			buildConfigurations = (
				722177B62ADA65F100CCBA56 /* Debug */,
				722177B72ADA65F100CCBA56 /* Release */,
			);
			defaultConfigurationIsVisible = 0;
			defaultConfigurationName = Release;
		};
		722177B82ADA65F100CCBA56 /* Build configuration list for PBXNativeTarget "OSLogStoreUITests" */ = {
			isa = XCConfigurationList;
			buildConfigurations = (
				722177B92ADA65F100CCBA56 /* Debug */,
				722177BA2ADA65F100CCBA56 /* Release */,
			);
			defaultConfigurationIsVisible = 0;
			defaultConfigurationName = Release;
		};
/* End XCConfigurationList section */
	};
	rootObject = 722177862ADA65EE00CCBA56 /* Project object */;
}
